
Microsoft Visual Studio Solution File, Format Version 12.00
# Visual Studio Version 17
VisualStudioVersion = 17.14.36518.9
MinimumVisualStudioVersion = 10.0.40219.1
Project("{2150E333-8FDC-42A3-9474-1A3956D46DE8}") = "Task0", "Task0", "{02EA681E-C7D8-13C7-8484-4AC65E1B71E8}"
EndProject
Project("{FAE04EC0-301F-11D3-BF4B-00C04F79EFBC}") = "Tyuiu.MertsKV.Sprint2.Task0.V19", "Tyuiu.MertsKV.Sprint2.Task0.V19\Tyuiu.MertsKV.Sprint2.Task0.V19.csproj", "{3E60935B-E593-4B2A-879C-BFCB3491AEF6}"
EndProject
Project("{FAE04EC0-301F-11D3-BF4B-00C04F79EFBC}") = "Tyuiu.MertsKV.Sprint2.Task0.V19.Lib", "Tyuiu.MertsKV.Sprint2.Task0.V19.Lib\Tyuiu.MertsKV.Sprint2.Task0.V19.Lib.csproj", "{A654C2B0-4529-4F24-8589-32218ABA845D}"
EndProject
Project("{FAE04EC0-301F-11D3-BF4B-00C04F79EFBC}") = "Tyuiu.MertsKV.Sprint2.Task0.V19.Test", "Tyuiu.MertsKV.Sprint2.Task0.V19.Test\Tyuiu.MertsKV.Sprint2.Task0.V19.Test.csproj", "{BBA9C2C9-E000-43B2-9978-EF8A9B8DFEDA}"
EndProject
Project("{2150E333-8FDC-42A3-9474-1A3956D46DE8}") = "Task1", "Task1", "{65CFB611-FB42-4570-BCA4-D6114D748BCE}"
EndProject
Project("{FAE04EC0-301F-11D3-BF4B-00C04F79EFBC}") = "Tyuiu.MertsKV.Sprint2.Task1.V17", "Tyuiu.MertsKV.Sprint2.Task1.V17\Tyuiu.MertsKV.Sprint2.Task1.V17.csproj", "{83480F21-10A4-433B-8FEC-4706F7DB8348}"
EndProject
Project("{FAE04EC0-301F-11D3-BF4B-00C04F79EFBC}") = "Tyuiu.MertsKV.Sprint2.Task1.V17.Lib", "Tyuiu.MertsKV.Sprint2.Task1.V17.Lib\Tyuiu.MertsKV.Sprint2.Task1.V17.Lib.csproj", "{0F9B68EF-2135-4055-A323-EC1F2CF5D943}"
EndProject
Project("{FAE04EC0-301F-11D3-BF4B-00C04F79EFBC}") = "Tyuiu.MertsKV.Sprint2.Task1.V17.Test", "Tyuiu.MertsKV.Sprint2.Task1.V17.Test\Tyuiu.MertsKV.Sprint2.Task1.V17.Test.csproj", "{9DF05ADB-A54B-46B7-BA9B-7412EB55047D}"
EndProject
Project("{2150E333-8FDC-42A3-9474-1A3956D46DE8}") = "Task2", "Task2", "{2DE475F8-AD25-4217-93CF-3A5404790424}"
EndProject
Project("{FAE04EC0-301F-11D3-BF4B-00C04F79EFBC}") = "Tyuiu.MertsKV.Sprint2.Task2.V28", "Tyuiu.MertsKV.Sprint2.Task2.V28\Tyuiu.MertsKV.Sprint2.Task2.V28.csproj", "{4F8EC870-878F-4A7C-9DDA-A37E21F3DAE3}"
EndProject
Project("{FAE04EC0-301F-11D3-BF4B-00C04F79EFBC}") = "Tyuiu.MertsKV.Sprint2.Task2.V28.Lib", "Tyuiu.MertsKV.Sprint2.Task2.V28.Lib\Tyuiu.MertsKV.Sprint2.Task2.V28.Lib.csproj", "{FE99D062-D010-4BDA-8731-5408CE53027F}"
EndProject
Project("{FAE04EC0-301F-11D3-BF4B-00C04F79EFBC}") = "Tyuiu.MertsKV.Sprint2.Task2.V28.Test", "Tyuiu.MertsKV.Sprint2.Task2.V28.Test\Tyuiu.MertsKV.Sprint2.Task2.V28.Test.csproj", "{EF2CCC74-1291-4458-A6E7-10280145CCA5}"
EndProject
Project("{2150E333-8FDC-42A3-9474-1A3956D46DE8}") = "Task3", "Task3", "{32661EBD-3B17-4547-B4AF-63038EE52A3B}"
EndProject
Project("{FAE04EC0-301F-11D3-BF4B-00C04F79EFBC}") = "Tyuiu.MertsKV.Sprint2.Task3.V7", "Tyuiu.MertsKV.Sprint2.Task3.V7\Tyuiu.MertsKV.Sprint2.Task3.V7.csproj", "{0E63661A-9C20-4A45-B374-1698740D0D4C}"
EndProject
Project("{FAE04EC0-301F-11D3-BF4B-00C04F79EFBC}") = "Tyuiu.MertsKV.Sprint2.Task3.V7.Lib", "Tyuiu.MertsKV.Sprint2.Task3.V7.Lib\Tyuiu.MertsKV.Sprint2.Task3.V7.Lib.csproj", "{017359BC-9C9D-4F8E-B378-AF1F48B85E85}"
EndProject
Project("{FAE04EC0-301F-11D3-BF4B-00C04F79EFBC}") = "Tyuiu.MertsKV.Sprint2.Task3.V7.Test", "Tyuiu.MertsKV.Sprint2.Task3.V7.Test\Tyuiu.MertsKV.Sprint2.Task3.V7.Test.csproj", "{4B840328-1EA9-4556-917F-5A48204DD35E}"
EndProject
Project("{2150E333-8FDC-42A3-9474-1A3956D46DE8}") = "Task4", "Task4", "{D07DD5B5-BFFE-4204-9847-F1A1C803417E}"
EndProject
Project("{FAE04EC0-301F-11D3-BF4B-00C04F79EFBC}") = "Tyuiu.MertsKV.Sprint2.Task4.V29", "Tyuiu.MertsKV.Sprint2.Task4.V29\Tyuiu.MertsKV.Sprint2.Task4.V29.csproj", "{56B9B9B1-1EA8-4260-B4EE-0ED901AD3107}"
EndProject
Project("{FAE04EC0-301F-11D3-BF4B-00C04F79EFBC}") = "Tyuiu.MertsKV.Sprint2.Task4.V29.Lib", "Tyuiu.MertsKV.Sprint2.Task4.V29.Lib\Tyuiu.MertsKV.Sprint2.Task4.V29.Lib.csproj", "{67F3B5F7-A17F-45DF-86C1-AAE47B6AF09F}"
EndProject
Project("{FAE04EC0-301F-11D3-BF4B-00C04F79EFBC}") = "Tyuiu.MertsKV.Sprint2.Task4.V29.Test", "Tyuiu.MertsKV.Sprint2.Task4.V29.Test\Tyuiu.MertsKV.Sprint2.Task4.V29.Test.csproj", "{DDF69E51-C3D7-463F-AFFC-DCDEA217982B}"
EndProject
Global
	GlobalSection(SolutionConfigurationPlatforms) = preSolution
		Debug|Any CPU = Debug|Any CPU
		Release|Any CPU = Release|Any CPU
	EndGlobalSection
	GlobalSection(ProjectConfigurationPlatforms) = postSolution
		{3E60935B-E593-4B2A-879C-BFCB3491AEF6}.Debug|Any CPU.ActiveCfg = Debug|Any CPU
		{3E60935B-E593-4B2A-879C-BFCB3491AEF6}.Debug|Any CPU.Build.0 = Debug|Any CPU
		{3E60935B-E593-4B2A-879C-BFCB3491AEF6}.Release|Any CPU.ActiveCfg = Release|Any CPU
		{3E60935B-E593-4B2A-879C-BFCB3491AEF6}.Release|Any CPU.Build.0 = Release|Any CPU
		{A654C2B0-4529-4F24-8589-32218ABA845D}.Debug|Any CPU.ActiveCfg = Debug|Any CPU
		{A654C2B0-4529-4F24-8589-32218ABA845D}.Debug|Any CPU.Build.0 = Debug|Any CPU
		{A654C2B0-4529-4F24-8589-32218ABA845D}.Release|Any CPU.ActiveCfg = Release|Any CPU
		{A654C2B0-4529-4F24-8589-32218ABA845D}.Release|Any CPU.Build.0 = Release|Any CPU
		{BBA9C2C9-E000-43B2-9978-EF8A9B8DFEDA}.Debug|Any CPU.ActiveCfg = Debug|Any CPU
		{BBA9C2C9-E000-43B2-9978-EF8A9B8DFEDA}.Debug|Any CPU.Build.0 = Debug|Any CPU
		{BBA9C2C9-E000-43B2-9978-EF8A9B8DFEDA}.Release|Any CPU.ActiveCfg = Release|Any CPU
		{BBA9C2C9-E000-43B2-9978-EF8A9B8DFEDA}.Release|Any CPU.Build.0 = Release|Any CPU
		{83480F21-10A4-433B-8FEC-4706F7DB8348}.Debug|Any CPU.ActiveCfg = Debug|Any CPU
		{83480F21-10A4-433B-8FEC-4706F7DB8348}.Debug|Any CPU.Build.0 = Debug|Any CPU
		{83480F21-10A4-433B-8FEC-4706F7DB8348}.Release|Any CPU.ActiveCfg = Release|Any CPU
		{83480F21-10A4-433B-8FEC-4706F7DB8348}.Release|Any CPU.Build.0 = Release|Any CPU
		{0F9B68EF-2135-4055-A323-EC1F2CF5D943}.Debug|Any CPU.ActiveCfg = Debug|Any CPU
		{0F9B68EF-2135-4055-A323-EC1F2CF5D943}.Debug|Any CPU.Build.0 = Debug|Any CPU
		{0F9B68EF-2135-4055-A323-EC1F2CF5D943}.Release|Any CPU.ActiveCfg = Release|Any CPU
		{0F9B68EF-2135-4055-A323-EC1F2CF5D943}.Release|Any CPU.Build.0 = Release|Any CPU
		{9DF05ADB-A54B-46B7-BA9B-7412EB55047D}.Debug|Any CPU.ActiveCfg = Debug|Any CPU
		{9DF05ADB-A54B-46B7-BA9B-7412EB55047D}.Debug|Any CPU.Build.0 = Debug|Any CPU
		{9DF05ADB-A54B-46B7-BA9B-7412EB55047D}.Release|Any CPU.ActiveCfg = Release|Any CPU
		{9DF05ADB-A54B-46B7-BA9B-7412EB55047D}.Release|Any CPU.Build.0 = Release|Any CPU
		{4F8EC870-878F-4A7C-9DDA-A37E21F3DAE3}.Debug|Any CPU.ActiveCfg = Debug|Any CPU
		{4F8EC870-878F-4A7C-9DDA-A37E21F3DAE3}.Debug|Any CPU.Build.0 = Debug|Any CPU
		{4F8EC870-878F-4A7C-9DDA-A37E21F3DAE3}.Release|Any CPU.ActiveCfg = Release|Any CPU
		{4F8EC870-878F-4A7C-9DDA-A37E21F3DAE3}.Release|Any CPU.Build.0 = Release|Any CPU
		{FE99D062-D010-4BDA-8731-5408CE53027F}.Debug|Any CPU.ActiveCfg = Debug|Any CPU
		{FE99D062-D010-4BDA-8731-5408CE53027F}.Debug|Any CPU.Build.0 = Debug|Any CPU
		{FE99D062-D010-4BDA-8731-5408CE53027F}.Release|Any CPU.ActiveCfg = Release|Any CPU
		{FE99D062-D010-4BDA-8731-5408CE53027F}.Release|Any CPU.Build.0 = Release|Any CPU
		{EF2CCC74-1291-4458-A6E7-10280145CCA5}.Debug|Any CPU.ActiveCfg = Debug|Any CPU
		{EF2CCC74-1291-4458-A6E7-10280145CCA5}.Debug|Any CPU.Build.0 = Debug|Any CPU
		{EF2CCC74-1291-4458-A6E7-10280145CCA5}.Release|Any CPU.ActiveCfg = Release|Any CPU
		{EF2CCC74-1291-4458-A6E7-10280145CCA5}.Release|Any CPU.Build.0 = Release|Any CPU
		{0E63661A-9C20-4A45-B374-1698740D0D4C}.Debug|Any CPU.ActiveCfg = Debug|Any CPU
		{0E63661A-9C20-4A45-B374-1698740D0D4C}.Debug|Any CPU.Build.0 = Debug|Any CPU
		{0E63661A-9C20-4A45-B374-1698740D0D4C}.Release|Any CPU.ActiveCfg = Release|Any CPU
		{0E63661A-9C20-4A45-B374-1698740D0D4C}.Release|Any CPU.Build.0 = Release|Any CPU
		{017359BC-9C9D-4F8E-B378-AF1F48B85E85}.Debug|Any CPU.ActiveCfg = Debug|Any CPU
		{017359BC-9C9D-4F8E-B378-AF1F48B85E85}.Debug|Any CPU.Build.0 = Debug|Any CPU
		{017359BC-9C9D-4F8E-B378-AF1F48B85E85}.Release|Any CPU.ActiveCfg = Release|Any CPU
		{017359BC-9C9D-4F8E-B378-AF1F48B85E85}.Release|Any CPU.Build.0 = Release|Any CPU
		{4B840328-1EA9-4556-917F-5A48204DD35E}.Debug|Any CPU.ActiveCfg = Debug|Any CPU
		{4B840328-1EA9-4556-917F-5A48204DD35E}.Debug|Any CPU.Build.0 = Debug|Any CPU
		{4B840328-1EA9-4556-917F-5A48204DD35E}.Release|Any CPU.ActiveCfg = Release|Any CPU
		{4B840328-1EA9-4556-917F-5A48204DD35E}.Release|Any CPU.Build.0 = Release|Any CPU
		{56B9B9B1-1EA8-4260-B4EE-0ED901AD3107}.Debug|Any CPU.ActiveCfg = Debug|Any CPU
		{56B9B9B1-1EA8-4260-B4EE-0ED901AD3107}.Debug|Any CPU.Build.0 = Debug|Any CPU
		{56B9B9B1-1EA8-4260-B4EE-0ED901AD3107}.Release|Any CPU.ActiveCfg = Release|Any CPU
		{56B9B9B1-1EA8-4260-B4EE-0ED901AD3107}.Release|Any CPU.Build.0 = Release|Any CPU
		{67F3B5F7-A17F-45DF-86C1-AAE47B6AF09F}.Debug|Any CPU.ActiveCfg = Debug|Any CPU
		{67F3B5F7-A17F-45DF-86C1-AAE47B6AF09F}.Debug|Any CPU.Build.0 = Debug|Any CPU
		{67F3B5F7-A17F-45DF-86C1-AAE47B6AF09F}.Release|Any CPU.ActiveCfg = Release|Any CPU
		{67F3B5F7-A17F-45DF-86C1-AAE47B6AF09F}.Release|Any CPU.Build.0 = Release|Any CPU
		{DDF69E51-C3D7-463F-AFFC-DCDEA217982B}.Debug|Any CPU.ActiveCfg = Debug|Any CPU
		{DDF69E51-C3D7-463F-AFFC-DCDEA217982B}.Debug|Any CPU.Build.0 = Debug|Any CPU
		{DDF69E51-C3D7-463F-AFFC-DCDEA217982B}.Release|Any CPU.ActiveCfg = Release|Any CPU
		{DDF69E51-C3D7-463F-AFFC-DCDEA217982B}.Release|Any CPU.Build.0 = Release|Any CPU
	EndGlobalSection
	GlobalSection(SolutionProperties) = preSolution
		HideSolutionNode = FALSE
	EndGlobalSection
	GlobalSection(NestedProjects) = preSolution
		{3E60935B-E593-4B2A-879C-BFCB3491AEF6} = {02EA681E-C7D8-13C7-8484-4AC65E1B71E8}
		{A654C2B0-4529-4F24-8589-32218ABA845D} = {02EA681E-C7D8-13C7-8484-4AC65E1B71E8}
		{BBA9C2C9-E000-43B2-9978-EF8A9B8DFEDA} = {02EA681E-C7D8-13C7-8484-4AC65E1B71E8}
		{83480F21-10A4-433B-8FEC-4706F7DB8348} = {65CFB611-FB42-4570-BCA4-D6114D748BCE}
		{0F9B68EF-2135-4055-A323-EC1F2CF5D943} = {65CFB611-FB42-4570-BCA4-D6114D748BCE}
		{9DF05ADB-A54B-46B7-BA9B-7412EB55047D} = {65CFB611-FB42-4570-BCA4-D6114D748BCE}
		{4F8EC870-878F-4A7C-9DDA-A37E21F3DAE3} = {2DE475F8-AD25-4217-93CF-3A5404790424}
		{FE99D062-D010-4BDA-8731-5408CE53027F} = {2DE475F8-AD25-4217-93CF-3A5404790424}
		{EF2CCC74-1291-4458-A6E7-10280145CCA5} = {2DE475F8-AD25-4217-93CF-3A5404790424}
		{0E63661A-9C20-4A45-B374-1698740D0D4C} = {32661EBD-3B17-4547-B4AF-63038EE52A3B}
		{017359BC-9C9D-4F8E-B378-AF1F48B85E85} = {32661EBD-3B17-4547-B4AF-63038EE52A3B}
		{4B840328-1EA9-4556-917F-5A48204DD35E} = {32661EBD-3B17-4547-B4AF-63038EE52A3B}
		{56B9B9B1-1EA8-4260-B4EE-0ED901AD3107} = {D07DD5B5-BFFE-4204-9847-F1A1C803417E}
		{67F3B5F7-A17F-45DF-86C1-AAE47B6AF09F} = {D07DD5B5-BFFE-4204-9847-F1A1C803417E}
		{DDF69E51-C3D7-463F-AFFC-DCDEA217982B} = {D07DD5B5-BFFE-4204-9847-F1A1C803417E}
	EndGlobalSection
	GlobalSection(ExtensibilityGlobals) = postSolution
		SolutionGuid = {813342C7-51C1-42BE-A5EF-1B967C4517B1}
	EndGlobalSection
EndGlobal
